// !$*UTF8*$!
{
	archiveVersion = 1;
	classes = {
	};
	objectVersion = 46;
	objects = {

/* Begin PBXBuildFile section */
		E465832F1C1045C2006FECC7 /* main.m in Sources */ = {isa = PBXBuildFile; fileRef = E465832E1C1045C2006FECC7 /* main.m */; };
		E46583321C1045C2006FECC7 /* AppDelegate.m in Sources */ = {isa = PBXBuildFile; fileRef = E46583311C1045C2006FECC7 /* AppDelegate.m */; };
		E46583351C1045C2006FECC7 /* ViewController.m in Sources */ = {isa = PBXBuildFile; fileRef = E46583341C1045C2006FECC7 /* ViewController.m */; };
		E46583381C1045C2006FECC7 /* Main.storyboard in Resources */ = {isa = PBXBuildFile; fileRef = E46583361C1045C2006FECC7 /* Main.storyboard */; };
		E465833A1C1045C2006FECC7 /* Assets.xcassets in Resources */ = {isa = PBXBuildFile; fileRef = E46583391C1045C2006FECC7 /* Assets.xcassets */; };
		E465833D1C1045C2006FECC7 /* LaunchScreen.storyboard in Resources */ = {isa = PBXBuildFile; fileRef = E465833B1C1045C2006FECC7 /* LaunchScreen.storyboard */; };
		E46583481C1045C2006FECC7 /* CoreDataUseTests.m in Sources */ = {isa = PBXBuildFile; fileRef = E46583471C1045C2006FECC7 /* CoreDataUseTests.m */; };
		E46583531C1045C2006FECC7 /* CoreDataUseUITests.m in Sources */ = {isa = PBXBuildFile; fileRef = E46583521C1045C2006FECC7 /* CoreDataUseUITests.m */; };
		E46583681C10460E006FECC7 /* CoreDataManager.m in Sources */ = {isa = PBXBuildFile; fileRef = E46583651C10460E006FECC7 /* CoreDataManager.m */; };
		E46583691C10460E006FECC7 /* ZZSQLite.m in Sources */ = {isa = PBXBuildFile; fileRef = E46583671C10460E006FECC7 /* ZZSQLite.m */; };
		E465836C1C104627006FECC7 /* TestModel.xcdatamodeld in Sources */ = {isa = PBXBuildFile; fileRef = E465836A1C104627006FECC7 /* TestModel.xcdatamodeld */; };
		E46583711C10465F006FECC7 /* Personal+CoreDataProperties.m in Sources */ = {isa = PBXBuildFile; fileRef = E465836E1C10465F006FECC7 /* Personal+CoreDataProperties.m */; };
		E46583721C10465F006FECC7 /* Personal.m in Sources */ = {isa = PBXBuildFile; fileRef = E46583701C10465F006FECC7 /* Personal.m */; };
		E46583751C1048F5006FECC7 /* SaveModel.m in Sources */ = {isa = PBXBuildFile; fileRef = E46583741C1048F5006FECC7 /* SaveModel.m */; };
/* End PBXBuildFile section */

/* Begin PBXContainerItemProxy section */
		E46583441C1045C2006FECC7 /* PBXContainerItemProxy */ = {
			isa = PBXContainerItemProxy;
			containerPortal = E46583221C1045C2006FECC7 /* Project object */;
			proxyType = 1;
			remoteGlobalIDString = E46583291C1045C2006FECC7;
			remoteInfo = CoreDataUse;
		};
		E465834F1C1045C2006FECC7 /* PBXContainerItemProxy */ = {
			isa = PBXContainerItemProxy;
			containerPortal = E46583221C1045C2006FECC7 /* Project object */;
			proxyType = 1;
			remoteGlobalIDString = E46583291C1045C2006FECC7;
			remoteInfo = CoreDataUse;
		};
/* End PBXContainerItemProxy section */

/* Begin PBXFileReference section */
		E465832A1C1045C2006FECC7 /* CoreDataUse.app */ = {isa = PBXFileReference; explicitFileType = wrapper.application; includeInIndex = 0; path = CoreDataUse.app; sourceTree = BUILT_PRODUCTS_DIR; };
		E465832E1C1045C2006FECC7 /* main.m */ = {isa = PBXFileReference; lastKnownFileType = sourcecode.c.objc; path = main.m; sourceTree = "<group>"; };
		E46583301C1045C2006FECC7 /* AppDelegate.h */ = {isa = PBXFileReference; lastKnownFileType = sourcecode.c.h; path = AppDelegate.h; sourceTree = "<group>"; };
		E46583311C1045C2006FECC7 /* AppDelegate.m */ = {isa = PBXFileReference; lastKnownFileType = sourcecode.c.objc; path = AppDelegate.m; sourceTree = "<group>"; };
		E46583331C1045C2006FECC7 /* ViewController.h */ = {isa = PBXFileReference; lastKnownFileType = sourcecode.c.h; path = ViewController.h; sourceTree = "<group>"; };
		E46583341C1045C2006FECC7 /* ViewController.m */ = {isa = PBXFileReference; lastKnownFileType = sourcecode.c.objc; path = ViewController.m; sourceTree = "<group>"; };
		E46583371C1045C2006FECC7 /* Base */ = {isa = PBXFileReference; lastKnownFileType = file.storyboard; name = Base; path = Base.lproj/Main.storyboard; sourceTree = "<group>"; };
		E46583391C1045C2006FECC7 /* Assets.xcassets */ = {isa = PBXFileReference; lastKnownFileType = folder.assetcatalog; path = Assets.xcassets; sourceTree = "<group>"; };
		E465833C1C1045C2006FECC7 /* Base */ = {isa = PBXFileReference; lastKnownFileType = file.storyboard; name = Base; path = Base.lproj/LaunchScreen.storyboard; sourceTree = "<group>"; };
		E465833E1C1045C2006FECC7 /* Info.plist */ = {isa = PBXFileReference; lastKnownFileType = text.plist.xml; path = Info.plist; sourceTree = "<group>"; };
		E46583431C1045C2006FECC7 /* CoreDataUseTests.xctest */ = {isa = PBXFileReference; explicitFileType = wrapper.cfbundle; includeInIndex = 0; path = CoreDataUseTests.xctest; sourceTree = BUILT_PRODUCTS_DIR; };
		E46583471C1045C2006FECC7 /* CoreDataUseTests.m */ = {isa = PBXFileReference; lastKnownFileType = sourcecode.c.objc; path = CoreDataUseTests.m; sourceTree = "<group>"; };
		E46583491C1045C2006FECC7 /* Info.plist */ = {isa = PBXFileReference; lastKnownFileType = text.plist.xml; path = Info.plist; sourceTree = "<group>"; };
		E465834E1C1045C2006FECC7 /* CoreDataUseUITests.xctest */ = {isa = PBXFileReference; explicitFileType = wrapper.cfbundle; includeInIndex = 0; path = CoreDataUseUITests.xctest; sourceTree = BUILT_PRODUCTS_DIR; };
		E46583521C1045C2006FECC7 /* CoreDataUseUITests.m */ = {isa = PBXFileReference; lastKnownFileType = sourcecode.c.objc; path = CoreDataUseUITests.m; sourceTree = "<group>"; };
		E46583541C1045C2006FECC7 /* Info.plist */ = {isa = PBXFileReference; lastKnownFileType = text.plist.xml; path = Info.plist; sourceTree = "<group>"; };
		E46583641C10460E006FECC7 /* CoreDataManager.h */ = {isa = PBXFileReference; fileEncoding = 4; lastKnownFileType = sourcecode.c.h; path = CoreDataManager.h; sourceTree = "<group>"; };
		E46583651C10460E006FECC7 /* CoreDataManager.m */ = {isa = PBXFileReference; fileEncoding = 4; lastKnownFileType = sourcecode.c.objc; path = CoreDataManager.m; sourceTree = "<group>"; };
		E46583661C10460E006FECC7 /* ZZSQLite.h */ = {isa = PBXFileReference; fileEncoding = 4; lastKnownFileType = sourcecode.c.h; path = ZZSQLite.h; sourceTree = "<group>"; };
		E46583671C10460E006FECC7 /* ZZSQLite.m */ = {isa = PBXFileReference; fileEncoding = 4; lastKnownFileType = sourcecode.c.objc; path = ZZSQLite.m; sourceTree = "<group>"; };
		E465836B1C104627006FECC7 /* TestModel.xcdatamodel */ = {isa = PBXFileReference; lastKnownFileType = wrapper.xcdatamodel; path = TestModel.xcdatamodel; sourceTree = "<group>"; };
		E465836D1C10465F006FECC7 /* Personal+CoreDataProperties.h */ = {isa = PBXFileReference; fileEncoding = 4; lastKnownFileType = sourcecode.c.h; name = "Personal+CoreDataProperties.h"; path = "../Personal+CoreDataProperties.h"; sourceTree = "<group>"; };
		E465836E1C10465F006FECC7 /* Personal+CoreDataProperties.m */ = {isa = PBXFileReference; fileEncoding = 4; lastKnownFileType = sourcecode.c.objc; name = "Personal+CoreDataProperties.m"; path = "../Personal+CoreDataProperties.m"; sourceTree = "<group>"; };
		E465836F1C10465F006FECC7 /* Personal.h */ = {isa = PBXFileReference; fileEncoding = 4; lastKnownFileType = sourcecode.c.h; name = Personal.h; path = ../Personal.h; sourceTree = "<group>"; };
		E46583701C10465F006FECC7 /* Personal.m */ = {isa = PBXFileReference; fileEncoding = 4; lastKnownFileType = sourcecode.c.objc; name = Personal.m; path = ../Personal.m; sourceTree = "<group>"; };
		E46583731C1048F5006FECC7 /* SaveModel.h */ = {isa = PBXFileReference; fileEncoding = 4; lastKnownFileType = sourcecode.c.h; path = SaveModel.h; sourceTree = "<group>"; };
		E46583741C1048F5006FECC7 /* SaveModel.m */ = {isa = PBXFileReference; fileEncoding = 4; lastKnownFileType = sourcecode.c.objc; path = SaveModel.m; sourceTree = "<group>"; };
/* End PBXFileReference section */

/* Begin PBXFrameworksBuildPhase section */
		E46583271C1045C2006FECC7 /* Frameworks */ = {
			isa = PBXFrameworksBuildPhase;
			buildActionMask = 2147483647;
			files = (
			);
			runOnlyForDeploymentPostprocessing = 0;
		};
		E46583401C1045C2006FECC7 /* Frameworks */ = {
			isa = PBXFrameworksBuildPhase;
			buildActionMask = 2147483647;
			files = (
			);
			runOnlyForDeploymentPostprocessing = 0;
		};
		E465834B1C1045C2006FECC7 /* Frameworks */ = {
			isa = PBXFrameworksBuildPhase;
			buildActionMask = 2147483647;
			files = (
			);
			runOnlyForDeploymentPostprocessing = 0;
		};
/* End PBXFrameworksBuildPhase section */

/* Begin PBXGroup section */
		E46583211C1045C2006FECC7 = {
			isa = PBXGroup;
			children = (
				E465832C1C1045C2006FECC7 /* CoreDataUse */,
				E46583461C1045C2006FECC7 /* CoreDataUseTests */,
				E46583511C1045C2006FECC7 /* CoreDataUseUITests */,
				E465832B1C1045C2006FECC7 /* Products */,
			);
			sourceTree = "<group>";
		};
		E465832B1C1045C2006FECC7 /* Products */ = {
			isa = PBXGroup;
			children = (
				E465832A1C1045C2006FECC7 /* CoreDataUse.app */,
				E46583431C1045C2006FECC7 /* CoreDataUseTests.xctest */,
				E465834E1C1045C2006FECC7 /* CoreDataUseUITests.xctest */,
			);
			name = Products;
			sourceTree = "<group>";
		};
		E465832C1C1045C2006FECC7 /* CoreDataUse */ = {
			isa = PBXGroup;
			children = (
				E46583601C1045D0006FECC7 /* Classes */,
				E46583301C1045C2006FECC7 /* AppDelegate.h */,
				E46583311C1045C2006FECC7 /* AppDelegate.m */,
				E46583331C1045C2006FECC7 /* ViewController.h */,
				E46583341C1045C2006FECC7 /* ViewController.m */,
				E46583361C1045C2006FECC7 /* Main.storyboard */,
				E46583391C1045C2006FECC7 /* Assets.xcassets */,
				E465833B1C1045C2006FECC7 /* LaunchScreen.storyboard */,
				E465833E1C1045C2006FECC7 /* Info.plist */,
				E465832D1C1045C2006FECC7 /* Supporting Files */,
			);
			path = CoreDataUse;
			sourceTree = "<group>";
		};
		E465832D1C1045C2006FECC7 /* Supporting Files */ = {
			isa = PBXGroup;
			children = (
				E465832E1C1045C2006FECC7 /* main.m */,
			);
			name = "Supporting Files";
			sourceTree = "<group>";
		};
		E46583461C1045C2006FECC7 /* CoreDataUseTests */ = {
			isa = PBXGroup;
			children = (
				E46583471C1045C2006FECC7 /* CoreDataUseTests.m */,
				E46583491C1045C2006FECC7 /* Info.plist */,
			);
			path = CoreDataUseTests;
			sourceTree = "<group>";
		};
		E46583511C1045C2006FECC7 /* CoreDataUseUITests */ = {
			isa = PBXGroup;
			children = (
				E46583521C1045C2006FECC7 /* CoreDataUseUITests.m */,
				E46583541C1045C2006FECC7 /* Info.plist */,
			);
			path = CoreDataUseUITests;
			sourceTree = "<group>";
		};
		E46583601C1045D0006FECC7 /* Classes */ = {
			isa = PBXGroup;
			children = (
				E46583631C1045E9006FECC7 /* Model */,
				E46583621C1045E1006FECC7 /* CoreDataFile */,
				E46583611C1045D9006FECC7 /* lib */,
			);
			name = Classes;
			sourceTree = "<group>";
		};
		E46583611C1045D9006FECC7 /* lib */ = {
			isa = PBXGroup;
			children = (
				E46583641C10460E006FECC7 /* CoreDataManager.h */,
				E46583651C10460E006FECC7 /* CoreDataManager.m */,
				E46583661C10460E006FECC7 /* ZZSQLite.h */,
				E46583671C10460E006FECC7 /* ZZSQLite.m */,
			);
			name = lib;
			sourceTree = "<group>";
		};
		E46583621C1045E1006FECC7 /* CoreDataFile */ = {
			isa = PBXGroup;
			children = (
				E465836A1C104627006FECC7 /* TestModel.xcdatamodeld */,
			);
			name = CoreDataFile;
			sourceTree = "<group>";
		};
		E46583631C1045E9006FECC7 /* Model */ = {
			isa = PBXGroup;
			children = (
				E465836D1C10465F006FECC7 /* Personal+CoreDataProperties.h */,
				E465836E1C10465F006FECC7 /* Personal+CoreDataProperties.m */,
				E465836F1C10465F006FECC7 /* Personal.h */,
				E46583701C10465F006FECC7 /* Personal.m */,
				E46583731C1048F5006FECC7 /* SaveModel.h */,
				E46583741C1048F5006FECC7 /* SaveModel.m */,
			);
			name = Model;
			sourceTree = "<group>";
		};
/* End PBXGroup section */

/* Begin PBXNativeTarget section */
		E46583291C1045C2006FECC7 /* CoreDataUse */ = {
			isa = PBXNativeTarget;
			buildConfigurationList = E46583571C1045C2006FECC7 /* Build configuration list for PBXNativeTarget "CoreDataUse" */;
			buildPhases = (
				E46583261C1045C2006FECC7 /* Sources */,
				E46583271C1045C2006FECC7 /* Frameworks */,
				E46583281C1045C2006FECC7 /* Resources */,
			);
			buildRules = (
			);
			dependencies = (
			);
			name = CoreDataUse;
			productName = CoreDataUse;
			productReference = E465832A1C1045C2006FECC7 /* CoreDataUse.app */;
			productType = "com.apple.product-type.application";
		};
		E46583421C1045C2006FECC7 /* CoreDataUseTests */ = {
			isa = PBXNativeTarget;
			buildConfigurationList = E465835A1C1045C2006FECC7 /* Build configuration list for PBXNativeTarget "CoreDataUseTests" */;
			buildPhases = (
				E465833F1C1045C2006FECC7 /* Sources */,
				E46583401C1045C2006FECC7 /* Frameworks */,
				E46583411C1045C2006FECC7 /* Resources */,
			);
			buildRules = (
			);
			dependencies = (
				E46583451C1045C2006FECC7 /* PBXTargetDependency */,
			);
			name = CoreDataUseTests;
			productName = CoreDataUseTests;
			productReference = E46583431C1045C2006FECC7 /* CoreDataUseTests.xctest */;
			productType = "com.apple.product-type.bundle.unit-test";
		};
		E465834D1C1045C2006FECC7 /* CoreDataUseUITests */ = {
			isa = PBXNativeTarget;
			buildConfigurationList = E465835D1C1045C2006FECC7 /* Build configuration list for PBXNativeTarget "CoreDataUseUITests" */;
			buildPhases = (
				E465834A1C1045C2006FECC7 /* Sources */,
				E465834B1C1045C2006FECC7 /* Frameworks */,
				E465834C1C1045C2006FECC7 /* Resources */,
			);
			buildRules = (
			);
			dependencies = (
				E46583501C1045C2006FECC7 /* PBXTargetDependency */,
			);
			name = CoreDataUseUITests;
			productName = CoreDataUseUITests;
			productReference = E465834E1C1045C2006FECC7 /* CoreDataUseUITests.xctest */;
			productType = "com.apple.product-type.bundle.ui-testing";
		};
/* End PBXNativeTarget section */

/* Begin PBXProject section */
		E46583221C1045C2006FECC7 /* Project object */ = {
			isa = PBXProject;
			attributes = {
				LastUpgradeCheck = 0710;
				ORGANIZATIONNAME = zezefamily;
				TargetAttributes = {
					E46583291C1045C2006FECC7 = {
						CreatedOnToolsVersion = 7.1;
					};
					E46583421C1045C2006FECC7 = {
						CreatedOnToolsVersion = 7.1;
						TestTargetID = E46583291C1045C2006FECC7;
					};
					E465834D1C1045C2006FECC7 = {
						CreatedOnToolsVersion = 7.1;
						TestTargetID = E46583291C1045C2006FECC7;
					};
				};
			};
			buildConfigurationList = E46583251C1045C2006FECC7 /* Build configuration list for PBXProject "CoreDataUse" */;
			compatibilityVersion = "Xcode 3.2";
			developmentRegion = English;
			hasScannedForEncodings = 0;
			knownRegions = (
				en,
				Base,
			);
			mainGroup = E46583211C1045C2006FECC7;
			productRefGroup = E465832B1C1045C2006FECC7 /* Products */;
			projectDirPath = "";
			projectRoot = "";
			targets = (
				E46583291C1045C2006FECC7 /* CoreDataUse */,
				E46583421C1045C2006FECC7 /* CoreDataUseTests */,
				E465834D1C1045C2006FECC7 /* CoreDataUseUITests */,
			);
		};
/* End PBXProject section */

/* Begin PBXResourcesBuildPhase section */
		E46583281C1045C2006FECC7 /* Resources */ = {
			isa = PBXResourcesBuildPhase;
			buildActionMask = 2147483647;
			files = (
				E465833D1C1045C2006FECC7 /* LaunchScreen.storyboard in Resources */,
				E465833A1C1045C2006FECC7 /* Assets.xcassets in Resources */,
				E46583381C1045C2006FECC7 /* Main.storyboard in Resources */,
			);
			runOnlyForDeploymentPostprocessing = 0;
		};
		E46583411C1045C2006FECC7 /* Resources */ = {
			isa = PBXResourcesBuildPhase;
			buildActionMask = 2147483647;
			files = (
			);
			runOnlyForDeploymentPostprocessing = 0;
		};
		E465834C1C1045C2006FECC7 /* Resources */ = {
			isa = PBXResourcesBuildPhase;
			buildActionMask = 2147483647;
			files = (
			);
			runOnlyForDeploymentPostprocessing = 0;
		};
/* End PBXResourcesBuildPhase section */

/* Begin PBXSourcesBuildPhase section */
		E46583261C1045C2006FECC7 /* Sources */ = {
			isa = PBXSourcesBuildPhase;
			buildActionMask = 2147483647;
			files = (
				E46583351C1045C2006FECC7 /* ViewController.m in Sources */,
				E46583751C1048F5006FECC7 /* SaveModel.m in Sources */,
				E46583721C10465F006FECC7 /* Personal.m in Sources */,
				E46583711C10465F006FECC7 /* Personal+CoreDataProperties.m in Sources */,
				E46583321C1045C2006FECC7 /* AppDelegate.m in Sources */,
				E46583691C10460E006FECC7 /* ZZSQLite.m in Sources */,
				E465836C1C104627006FECC7 /* TestModel.xcdatamodeld in Sources */,
				E46583681C10460E006FECC7 /* CoreDataManager.m in Sources */,
				E465832F1C1045C2006FECC7 /* main.m in Sources */,
			);
			runOnlyForDeploymentPostprocessing = 0;
		};
		E465833F1C1045C2006FECC7 /* Sources */ = {
			isa = PBXSourcesBuildPhase;
			buildActionMask = 2147483647;
			files = (
				E46583481C1045C2006FECC7 /* CoreDataUseTests.m in Sources */,
			);
			runOnlyForDeploymentPostprocessing = 0;
		};
		E465834A1C1045C2006FECC7 /* Sources */ = {
			isa = PBXSourcesBuildPhase;
			buildActionMask = 2147483647;
			files = (
				E46583531C1045C2006FECC7 /* CoreDataUseUITests.m in Sources */,
			);
			runOnlyForDeploymentPostprocessing = 0;
		};
/* End PBXSourcesBuildPhase section */

/* Begin PBXTargetDependency section */
		E46583451C1045C2006FECC7 /* PBXTargetDependency */ = {
			isa = PBXTargetDependency;
			target = E46583291C1045C2006FECC7 /* CoreDataUse */;
			targetProxy = E46583441C1045C2006FECC7 /* PBXContainerItemProxy */;
		};
		E46583501C1045C2006FECC7 /* PBXTargetDependency */ = {
			isa = PBXTargetDependency;
			target = E46583291C1045C2006FECC7 /* CoreDataUse */;
			targetProxy = E465834F1C1045C2006FECC7 /* PBXContainerItemProxy */;
		};
/* End PBXTargetDependency section */

/* Begin PBXVariantGroup section */
		E46583361C1045C2006FECC7 /* Main.storyboard */ = {
			isa = PBXVariantGroup;
			children = (
				E46583371C1045C2006FECC7 /* Base */,
			);
			name = Main.storyboard;
			sourceTree = "<group>";
		};
		E465833B1C1045C2006FECC7 /* LaunchScreen.storyboard */ = {
			isa = PBXVariantGroup;
			children = (
				E465833C1C1045C2006FECC7 /* Base */,
			);
			name = LaunchScreen.storyboard;
			sourceTree = "<group>";
		};
/* End PBXVariantGroup section */

/* Begin XCBuildConfiguration section */
		E46583551C1045C2006FECC7 /* Debug */ = {
			isa = XCBuildConfiguration;
			buildSettings = {
				ALWAYS_SEARCH_USER_PATHS = NO;
				CLANG_CXX_LANGUAGE_STANDARD = "gnu++0x";
				CLANG_CXX_LIBRARY = "libc++";
				CLANG_ENABLE_MODULES = YES;
				CLANG_ENABLE_OBJC_ARC = YES;
				CLANG_WARN_BOOL_CONVERSION = YES;
				CLANG_WARN_CONSTANT_CONVERSION = YES;
				CLANG_WARN_DIRECT_OBJC_ISA_USAGE = YES_ERROR;
				CLANG_WARN_EMPTY_BODY = YES;
				CLANG_WARN_ENUM_CONVERSION = YES;
				CLANG_WARN_INT_CONVERSION = YES;
				CLANG_WARN_OBJC_ROOT_CLASS = YES_ERROR;
				CLANG_WARN_UNREACHABLE_CODE = YES;
				CLANG_WARN__DUPLICATE_METHOD_MATCH = YES;
				"CODE_SIGN_IDENTITY[sdk=iphoneos*]" = "iPhone Developer";
				COPY_PHASE_STRIP = NO;
				DEBUG_INFORMATION_FORMAT = dwarf;
				ENABLE_STRICT_OBJC_MSGSEND = YES;
				ENABLE_TESTABILITY = YES;
				GCC_C_LANGUAGE_STANDARD = gnu99;
				GCC_DYNAMIC_NO_PIC = NO;
				GCC_NO_COMMON_BLOCKS = YES;
				GCC_OPTIMIZATION_LEVEL = 0;
				GCC_PREPROCESSOR_DEFINITIONS = (
					"DEBUG=1",
					"$(inherited)",
				);
				GCC_WARN_64_TO_32_BIT_CONVERSION = YES;
				GCC_WARN_ABOUT_RETURN_TYPE = YES_ERROR;
				GCC_WARN_UNDECLARED_SELECTOR = YES;
				GCC_WARN_UNINITIALIZED_AUTOS = YES_AGGRESSIVE;
				GCC_WARN_UNUSED_FUNCTION = YES;
				GCC_WARN_UNUSED_VARIABLE = YES;
				IPHONEOS_DEPLOYMENT_TARGET = 9.1;
				MTL_ENABLE_DEBUG_INFO = YES;
				ONLY_ACTIVE_ARCH = YES;
				SDKROOT = iphoneos;
			};
			name = Debug;
		};
		E46583561C1045C2006FECC7 /* Release */ = {
			isa = XCBuildConfiguration;
			buildSettings = {
				ALWAYS_SEARCH_USER_PATHS = NO;
				CLANG_CXX_LANGUAGE_STANDARD = "gnu++0x";
				CLANG_CXX_LIBRARY = "libc++";
				CLANG_ENABLE_MODULES = YES;
				CLANG_ENABLE_OBJC_ARC = YES;
				CLANG_WARN_BOOL_CONVERSION = YES;
				CLANG_WARN_CONSTANT_CONVERSION = YES;
				CLANG_WARN_DIRECT_OBJC_ISA_USAGE = YES_ERROR;
				CLANG_WARN_EMPTY_BODY = YES;
				CLANG_WARN_ENUM_CONVERSION = YES;
				CLANG_WARN_INT_CONVERSION = YES;
				CLANG_WARN_OBJC_ROOT_CLASS = YES_ERROR;
				CLANG_WARN_UNREACHABLE_CODE = YES;
				CLANG_WARN__DUPLICATE_METHOD_MATCH = YES;
				"CODE_SIGN_IDENTITY[sdk=iphoneos*]" = "iPhone Developer";
				COPY_PHASE_STRIP = NO;
				DEBUG_INFORMATION_FORMAT = "dwarf-with-dsym";
				ENABLE_NS_ASSERTIONS = NO;
				ENABLE_STRICT_OBJC_MSGSEND = YES;
				GCC_C_LANGUAGE_STANDARD = gnu99;
				GCC_NO_COMMON_BLOCKS = YES;
				GCC_WARN_64_TO_32_BIT_CONVERSION = YES;
				GCC_WARN_ABOUT_RETURN_TYPE = YES_ERROR;
				GCC_WARN_UNDECLARED_SELECTOR = YES;
				GCC_WARN_UNINITIALIZED_AUTOS = YES_AGGRESSIVE;
				GCC_WARN_UNUSED_FUNCTION = YES;
				GCC_WARN_UNUSED_VARIABLE = YES;
				IPHONEOS_DEPLOYMENT_TARGET = 9.1;
				MTL_ENABLE_DEBUG_INFO = NO;
				SDKROOT = iphoneos;
				VALIDATE_PRODUCT = YES;
			};
			name = Release;
		};
		E46583581C1045C2006FECC7 /* Debug */ = {
			isa = XCBuildConfiguration;
			buildSettings = {
				ASSETCATALOG_COMPILER_APPICON_NAME = AppIcon;
				INFOPLIST_FILE = CoreDataUse/Info.plist;
				IPHONEOS_DEPLOYMENT_TARGET = 7.1;
				LD_RUNPATH_SEARCH_PATHS = "$(inherited) @executable_path/Frameworks";
				PRODUCT_BUNDLE_IDENTIFIER = com.family.CoreDataUse;
				PRODUCT_NAME = "$(TARGET_NAME)";
			};
			name = Debug;
		};
		E46583591C1045C2006FECC7 /* Release */ = {
			isa = XCBuildConfiguration;
			buildSettings = {
				ASSETCATALOG_COMPILER_APPICON_NAME = AppIcon;
				INFOPLIST_FILE = CoreDataUse/Info.plist;
				IPHONEOS_DEPLOYMENT_TARGET = 7.1;
				LD_RUNPATH_SEARCH_PATHS = "$(inherited) @executable_path/Frameworks";
				PRODUCT_BUNDLE_IDENTIFIER = com.family.CoreDataUse;
				PRODUCT_NAME = "$(TARGET_NAME)";
			};
			name = Release;
		};
		E465835B1C1045C2006FECC7 /* Debug */ = {
			isa = XCBuildConfiguration;
			buildSettings = {
				BUNDLE_LOADER = "$(TEST_HOST)";
				INFOPLIST_FILE = CoreDataUseTests/Info.plist;
				LD_RUNPATH_SEARCH_PATHS = "$(inherited) @executable_path/Frameworks @loader_path/Frameworks";
				PRODUCT_BUNDLE_IDENTIFIER = com.family.CoreDataUseTests;
				PRODUCT_NAME = "$(TARGET_NAME)";
				TEST_HOST = "$(BUILT_PRODUCTS_DIR)/CoreDataUse.app/CoreDataUse";
			};
			name = Debug;
		};
		E465835C1C1045C2006FECC7 /* Release */ = {
			isa = XCBuildConfiguration;
			buildSettings = {
				BUNDLE_LOADER = "$(TEST_HOST)";
				INFOPLIST_FILE = CoreDataUseTests/Info.plist;
				LD_RUNPATH_SEARCH_PATHS = "$(inherited) @executable_path/Frameworks @loader_path/Frameworks";
				PRODUCT_BUNDLE_IDENTIFIER = com.family.CoreDataUseTests;
				PRODUCT_NAME = "$(TARGET_NAME)";
				TEST_HOST = "$(BUILT_PRODUCTS_DIR)/CoreDataUse.app/CoreDataUse";
			};
			name = Release;
		};
		E465835E1C1045C2006FECC7 /* Debug */ = {
			isa = XCBuildConfiguration;
			buildSettings = {
				INFOPLIST_FILE = CoreDataUseUITests/Info.plist;
				LD_RUNPATH_SEARCH_PATHS = "$(inherited) @executable_path/Frameworks @loader_path/Frameworks";
				PRODUCT_BUNDLE_IDENTIFIER = com.family.CoreDataUseUITests;
				PRODUCT_NAME = "$(TARGET_NAME)";
				TEST_TARGET_NAME = CoreDataUse;
				USES_XCTRUNNER = YES;
			};
			name = Debug;
		};
		E465835F1C1045C2006FECC7 /* Release */ = {
			isa = XCBuildConfiguration;
			buildSettings = {
				INFOPLIST_FILE = CoreDataUseUITests/Info.plist;
				LD_RUNPATH_SEARCH_PATHS = "$(inherited) @executable_path/Frameworks @loader_path/Frameworks";
				PRODUCT_BUNDLE_IDENTIFIER = com.family.CoreDataUseUITests;
				PRODUCT_NAME = "$(TARGET_NAME)";
				TEST_TARGET_NAME = CoreDataUse;
				USES_XCTRUNNER = YES;
			};
			name = Release;
		};
/* End XCBuildConfiguration section */

/* Begin XCConfigurationList section */
		E46583251C1045C2006FECC7 /* Build configuration list for PBXProject "CoreDataUse" */ = {
			isa = XCConfigurationList;
			buildConfigurations = (
				E46583551C1045C2006FECC7 /* Debug */,
				E46583561C1045C2006FECC7 /* Release */,
			);
			defaultConfigurationIsVisible = 0;
			defaultConfigurationName = Release;
		};
		E46583571C1045C2006FECC7 /* Build configuration list for PBXNativeTarget "CoreDataUse" */ = {
			isa = XCConfigurationList;
			buildConfigurations = (
				E46583581C1045C2006FECC7 /* Debug */,
				E46583591C1045C2006FECC7 /* Release */,
			);
			defaultConfigurationIsVisible = 0;
		};
		E465835A1C1045C2006FECC7 /* Build configuration list for PBXNativeTarget "CoreDataUseTests" */ = {
			isa = XCConfigurationList;
			buildConfigurations = (
				E465835B1C1045C2006FECC7 /* Debug */,
				E465835C1C1045C2006FECC7 /* Release */,
			);
			defaultConfigurationIsVisible = 0;
		};
		E465835D1C1045C2006FECC7 /* Build configuration list for PBXNativeTarget "CoreDataUseUITests" */ = {
			isa = XCConfigurationList;
			buildConfigurations = (
				E465835E1C1045C2006FECC7 /* Debug */,
				E465835F1C1045C2006FECC7 /* Release */,
			);
			defaultConfigurationIsVisible = 0;
		};
/* End XCConfigurationList section */

/* Begin XCVersionGroup section */
		E465836A1C104627006FECC7 /* TestModel.xcdatamodeld */ = {
			isa = XCVersionGroup;
			children = (
				E465836B1C104627006FECC7 /* TestModel.xcdatamodel */,
			);
			currentVersion = E465836B1C104627006FECC7 /* TestModel.xcdatamodel */;
			path = TestModel.xcdatamodeld;
			sourceTree = "<group>";
			versionGroupType = wrapper.xcdatamodel;
		};
/* End XCVersionGroup section */
	};
	rootObject = E46583221C1045C2006FECC7 /* Project object */;
}
